// !$*UTF8*$!
{
	archiveVersion = 1;
	classes = {
	};
	objectVersion = 50;
	objects = {

/* Begin PBXBuildFile section */
		317A12642281FFBA001FF9E1 /* AppDelegate.swift in Sources */ = {isa = PBXBuildFile; fileRef = 317A12632281FFBA001FF9E1 /* AppDelegate.swift */; };
		317A12662281FFBA001FF9E1 /* MainViewController.swift in Sources */ = {isa = PBXBuildFile; fileRef = 317A12652281FFBA001FF9E1 /* MainViewController.swift */; };
		317A12692281FFBA001FF9E1 /* Main.storyboard in Resources */ = {isa = PBXBuildFile; fileRef = 317A12672281FFBA001FF9E1 /* Main.storyboard */; };
		317A126B2281FFBC001FF9E1 /* Assets.xcassets in Resources */ = {isa = PBXBuildFile; fileRef = 317A126A2281FFBC001FF9E1 /* Assets.xcassets */; };
		317A126E2281FFBC001FF9E1 /* LaunchScreen.storyboard in Resources */ = {isa = PBXBuildFile; fileRef = 317A126C2281FFBC001FF9E1 /* LaunchScreen.storyboard */; };
		317A127622821687001FF9E1 /* SplashViewController.swift in Sources */ = {isa = PBXBuildFile; fileRef = 317A127522821687001FF9E1 /* SplashViewController.swift */; };
		317A127B22821B6E001FF9E1 /* logo.json in Resources */ = {isa = PBXBuildFile; fileRef = 317A127A22821960001FF9E1 /* logo.json */; };
		8DE30F415EA2A48A0DB85CAA /* Pods_KatKat.framework in Frameworks */ = {isa = PBXBuildFile; fileRef = E8BBD96D4A89DE0A8E922D60 /* Pods_KatKat.framework */; };
/* End PBXBuildFile section */

/* Begin PBXFileReference section */
		1AA48DCF8DE23976A53DA9E6 /* Pods-KatKat.release.xcconfig */ = {isa = PBXFileReference; includeInIndex = 1; lastKnownFileType = text.xcconfig; name = "Pods-KatKat.release.xcconfig"; path = "Target Support Files/Pods-KatKat/Pods-KatKat.release.xcconfig"; sourceTree = "<group>"; };
		317A12602281FFBA001FF9E1 /* KatKat.app */ = {isa = PBXFileReference; explicitFileType = wrapper.application; includeInIndex = 0; path = KatKat.app; sourceTree = BUILT_PRODUCTS_DIR; };
		317A12632281FFBA001FF9E1 /* AppDelegate.swift */ = {isa = PBXFileReference; lastKnownFileType = sourcecode.swift; path = AppDelegate.swift; sourceTree = "<group>"; };
		317A12652281FFBA001FF9E1 /* MainViewController.swift */ = {isa = PBXFileReference; lastKnownFileType = sourcecode.swift; path = MainViewController.swift; sourceTree = "<group>"; };
		317A12682281FFBA001FF9E1 /* Base */ = {isa = PBXFileReference; lastKnownFileType = file.storyboard; name = Base; path = Base.lproj/Main.storyboard; sourceTree = "<group>"; };
		317A126A2281FFBC001FF9E1 /* Assets.xcassets */ = {isa = PBXFileReference; lastKnownFileType = folder.assetcatalog; path = Assets.xcassets; sourceTree = "<group>"; };
		317A126D2281FFBC001FF9E1 /* Base */ = {isa = PBXFileReference; lastKnownFileType = file.storyboard; name = Base; path = Base.lproj/LaunchScreen.storyboard; sourceTree = "<group>"; };
		317A126F2281FFBC001FF9E1 /* Info.plist */ = {isa = PBXFileReference; lastKnownFileType = text.plist.xml; path = Info.plist; sourceTree = "<group>"; };
		317A127522821687001FF9E1 /* SplashViewController.swift */ = {isa = PBXFileReference; lastKnownFileType = sourcecode.swift; path = SplashViewController.swift; sourceTree = "<group>"; };
		317A127A22821960001FF9E1 /* logo.json */ = {isa = PBXFileReference; lastKnownFileType = text.json; path = logo.json; sourceTree = "<group>"; };
		4CB53C785EABEAD802A8E560 /* Pods-KatKat.debug.xcconfig */ = {isa = PBXFileReference; includeInIndex = 1; lastKnownFileType = text.xcconfig; name = "Pods-KatKat.debug.xcconfig"; path = "Target Support Files/Pods-KatKat/Pods-KatKat.debug.xcconfig"; sourceTree = "<group>"; };
		E8BBD96D4A89DE0A8E922D60 /* Pods_KatKat.framework */ = {isa = PBXFileReference; explicitFileType = wrapper.framework; includeInIndex = 0; path = Pods_KatKat.framework; sourceTree = BUILT_PRODUCTS_DIR; };
/* End PBXFileReference section */

/* Begin PBXFrameworksBuildPhase section */
		317A125D2281FFBA001FF9E1 /* Frameworks */ = {
			isa = PBXFrameworksBuildPhase;
			buildActionMask = 2147483647;
			files = (
				8DE30F415EA2A48A0DB85CAA /* Pods_KatKat.framework in Frameworks */,
			);
			runOnlyForDeploymentPostprocessing = 0;
		};
/* End PBXFrameworksBuildPhase section */

/* Begin PBXGroup section */
		317A12572281FFBA001FF9E1 = {
			isa = PBXGroup;
			children = (
				317A12622281FFBA001FF9E1 /* KatKat */,
				317A12612281FFBA001FF9E1 /* Products */,
				4C3862BF6178DE84ACC464CD /* Pods */,
				7AFFCA23B18F75A1C2AD5646 /* Frameworks */,
			);
			sourceTree = "<group>";
		};
		317A12612281FFBA001FF9E1 /* Products */ = {
			isa = PBXGroup;
			children = (
				317A12602281FFBA001FF9E1 /* KatKat.app */,
			);
			name = Products;
			sourceTree = "<group>";
		};
		317A12622281FFBA001FF9E1 /* KatKat */ = {
			isa = PBXGroup;
			children = (
				317A12632281FFBA001FF9E1 /* AppDelegate.swift */,
				317A12652281FFBA001FF9E1 /* MainViewController.swift */,
				317A127522821687001FF9E1 /* SplashViewController.swift */,
				317A127C22821BA9001FF9E1 /* Resources */,
				317A12672281FFBA001FF9E1 /* Main.storyboard */,
				317A126A2281FFBC001FF9E1 /* Assets.xcassets */,
				317A126C2281FFBC001FF9E1 /* LaunchScreen.storyboard */,
				317A126F2281FFBC001FF9E1 /* Info.plist */,
			);
			path = KatKat;
			sourceTree = "<group>";
		};
		317A127C22821BA9001FF9E1 /* Resources */ = {
			isa = PBXGroup;
			children = (
				317A127A22821960001FF9E1 /* logo.json */,
			);
			path = Resources;
			sourceTree = "<group>";
		};
		4C3862BF6178DE84ACC464CD /* Pods */ = {
			isa = PBXGroup;
			children = (
				4CB53C785EABEAD802A8E560 /* Pods-KatKat.debug.xcconfig */,
				1AA48DCF8DE23976A53DA9E6 /* Pods-KatKat.release.xcconfig */,
			);
			path = Pods;
			sourceTree = "<group>";
		};
		7AFFCA23B18F75A1C2AD5646 /* Frameworks */ = {
			isa = PBXGroup;
			children = (
				E8BBD96D4A89DE0A8E922D60 /* Pods_KatKat.framework */,
			);
			name = Frameworks;
			sourceTree = "<group>";
		};
/* End PBXGroup section */

/* Begin PBXNativeTarget section */
		317A125F2281FFBA001FF9E1 /* KatKat */ = {
			isa = PBXNativeTarget;
			buildConfigurationList = 317A12722281FFBC001FF9E1 /* Build configuration list for PBXNativeTarget "KatKat" */;
			buildPhases = (
				F12CD659DE95259D027E82E7 /* [CP] Check Pods Manifest.lock */,
				317A125C2281FFBA001FF9E1 /* Sources */,
				317A125D2281FFBA001FF9E1 /* Frameworks */,
				317A125E2281FFBA001FF9E1 /* Resources */,
				D44112B40D6873B5EDB6528D /* [CP] Embed Pods Frameworks */,
			);
			buildRules = (
			);
			dependencies = (
			);
			name = KatKat;
			productName = KatKat;
			productReference = 317A12602281FFBA001FF9E1 /* KatKat.app */;
			productType = "com.apple.product-type.application";
		};
/* End PBXNativeTarget section */

/* Begin PBXProject section */
		317A12582281FFBA001FF9E1 /* Project object */ = {
			isa = PBXProject;
			attributes = {
				LastSwiftUpdateCheck = 1020;
				LastUpgradeCheck = 1020;
				ORGANIZATIONNAME = "Zhaowei Wu";
				TargetAttributes = {
					317A125F2281FFBA001FF9E1 = {
						CreatedOnToolsVersion = 10.2.1;
					};
				};
			};
			buildConfigurationList = 317A125B2281FFBA001FF9E1 /* Build configuration list for PBXProject "KatKat" */;
			compatibilityVersion = "Xcode 9.3";
			developmentRegion = en;
			hasScannedForEncodings = 0;
			knownRegions = (
				en,
				Base,
			);
			mainGroup = 317A12572281FFBA001FF9E1;
			productRefGroup = 317A12612281FFBA001FF9E1 /* Products */;
			projectDirPath = "";
			projectRoot = "";
			targets = (
				317A125F2281FFBA001FF9E1 /* KatKat */,
			);
		};
/* End PBXProject section */

/* Begin PBXResourcesBuildPhase section */
		317A125E2281FFBA001FF9E1 /* Resources */ = {
			isa = PBXResourcesBuildPhase;
			buildActionMask = 2147483647;
			files = (
				317A127B22821B6E001FF9E1 /* logo.json in Resources */,
				317A126E2281FFBC001FF9E1 /* LaunchScreen.storyboard in Resources */,
				317A126B2281FFBC001FF9E1 /* Assets.xcassets in Resources */,
				317A12692281FFBA001FF9E1 /* Main.storyboard in Resources */,
			);
			runOnlyForDeploymentPostprocessing = 0;
		};
/* End PBXResourcesBuildPhase section */

/* Begin PBXShellScriptBuildPhase section */
		D44112B40D6873B5EDB6528D /* [CP] Embed Pods Frameworks */ = {
			isa = PBXShellScriptBuildPhase;
			buildActionMask = 2147483647;
			files = (
			);
			inputFileListPaths = (
			);
			inputPaths = (
				"${PODS_ROOT}/Target Support Files/Pods-KatKat/Pods-KatKat-frameworks.sh",
				"${BUILT_PRODUCTS_DIR}/Alamofire/Alamofire.framework",
				"${BUILT_PRODUCTS_DIR}/Kingfisher/Kingfisher.framework",
				"${BUILT_PRODUCTS_DIR}/ReachabilitySwift/Reachability.framework",
				"${BUILT_PRODUCTS_DIR}/SwiftMessages/SwiftMessages.framework",
				"${BUILT_PRODUCTS_DIR}/SwiftyJSON/SwiftyJSON.framework",
				"${BUILT_PRODUCTS_DIR}/lottie-ios/Lottie.framework",
			);
			name = "[CP] Embed Pods Frameworks";
			outputFileListPaths = (
			);
			outputPaths = (
				"${TARGET_BUILD_DIR}/${FRAMEWORKS_FOLDER_PATH}/Alamofire.framework",
				"${TARGET_BUILD_DIR}/${FRAMEWORKS_FOLDER_PATH}/Kingfisher.framework",
				"${TARGET_BUILD_DIR}/${FRAMEWORKS_FOLDER_PATH}/Reachability.framework",
				"${TARGET_BUILD_DIR}/${FRAMEWORKS_FOLDER_PATH}/SwiftMessages.framework",
				"${TARGET_BUILD_DIR}/${FRAMEWORKS_FOLDER_PATH}/SwiftyJSON.framework",
				"${TARGET_BUILD_DIR}/${FRAMEWORKS_FOLDER_PATH}/Lottie.framework",
			);
			runOnlyForDeploymentPostprocessing = 0;
			shellPath = /bin/sh;
			shellScript = "\"${PODS_ROOT}/Target Support Files/Pods-KatKat/Pods-KatKat-frameworks.sh\"\n";
			showEnvVarsInLog = 0;
		};
		F12CD659DE95259D027E82E7 /* [CP] Check Pods Manifest.lock */ = {
			isa = PBXShellScriptBuildPhase;
			buildActionMask = 2147483647;
			files = (
			);
			inputFileListPaths = (
			);
			inputPaths = (
				"${PODS_PODFILE_DIR_PATH}/Podfile.lock",
				"${PODS_ROOT}/Manifest.lock",
			);
			name = "[CP] Check Pods Manifest.lock";
			outputFileListPaths = (
			);
			outputPaths = (
				"$(DERIVED_FILE_DIR)/Pods-KatKat-checkManifestLockResult.txt",
			);
			runOnlyForDeploymentPostprocessing = 0;
			shellPath = /bin/sh;
			shellScript = "diff \"${PODS_PODFILE_DIR_PATH}/Podfile.lock\" \"${PODS_ROOT}/Manifest.lock\" > /dev/null\nif [ $? != 0 ] ; then\n    # print error to STDERR\n    echo \"error: The sandbox is not in sync with the Podfile.lock. Run 'pod install' or update your CocoaPods installation.\" >&2\n    exit 1\nfi\n# This output is used by Xcode 'outputs' to avoid re-running this script phase.\necho \"SUCCESS\" > \"${SCRIPT_OUTPUT_FILE_0}\"\n";
			showEnvVarsInLog = 0;
		};
/* End PBXShellScriptBuildPhase section */

/* Begin PBXSourcesBuildPhase section */
		317A125C2281FFBA001FF9E1 /* Sources */ = {
			isa = PBXSourcesBuildPhase;
			buildActionMask = 2147483647;
			files = (
				317A127622821687001FF9E1 /* SplashViewController.swift in Sources */,
				317A12662281FFBA001FF9E1 /* MainViewController.swift in Sources */,
				317A12642281FFBA001FF9E1 /* AppDelegate.swift in Sources */,
			);
			runOnlyForDeploymentPostprocessing = 0;
		};
/* End PBXSourcesBuildPhase section */

/* Begin PBXVariantGroup section */
		317A12672281FFBA001FF9E1 /* Main.storyboard */ = {
			isa = PBXVariantGroup;
			children = (
				317A12682281FFBA001FF9E1 /* Base */,
			);
			name = Main.storyboard;
			sourceTree = "<group>";
		};
		317A126C2281FFBC001FF9E1 /* LaunchScreen.storyboard */ = {
			isa = PBXVariantGroup;
			children = (
				317A126D2281FFBC001FF9E1 /* Base */,
			);
			name = LaunchScreen.storyboard;
			sourceTree = "<group>";
		};
/* End PBXVariantGroup section */

/* Begin XCBuildConfiguration section */
		317A12702281FFBC001FF9E1 /* Debug */ = {
			isa = XCBuildConfiguration;
			buildSettings = {
				ALWAYS_SEARCH_USER_PATHS = NO;
				CLANG_ANALYZER_NONNULL = YES;
				CLANG_ANALYZER_NUMBER_OBJECT_CONVERSION = YES_AGGRESSIVE;
				CLANG_CXX_LANGUAGE_STANDARD = "gnu++14";
				CLANG_CXX_LIBRARY = "libc++";
				CLANG_ENABLE_MODULES = YES;
				CLANG_ENABLE_OBJC_ARC = YES;
				CLANG_ENABLE_OBJC_WEAK = YES;
				CLANG_WARN_BLOCK_CAPTURE_AUTORELEASING = YES;
				CLANG_WARN_BOOL_CONVERSION = YES;
				CLANG_WARN_COMMA = YES;
				CLANG_WARN_CONSTANT_CONVERSION = YES;
				CLANG_WARN_DEPRECATED_OBJC_IMPLEMENTATIONS = YES;
				CLANG_WARN_DIRECT_OBJC_ISA_USAGE = YES_ERROR;
				CLANG_WARN_DOCUMENTATION_COMMENTS = YES;
				CLANG_WARN_EMPTY_BODY = YES;
				CLANG_WARN_ENUM_CONVERSION = YES;
				CLANG_WARN_INFINITE_RECURSION = YES;
				CLANG_WARN_INT_CONVERSION = YES;
				CLANG_WARN_NON_LITERAL_NULL_CONVERSION = YES;
				CLANG_WARN_OBJC_IMPLICIT_RETAIN_SELF = YES;
				CLANG_WARN_OBJC_LITERAL_CONVERSION = YES;
				CLANG_WARN_OBJC_ROOT_CLASS = YES_ERROR;
				CLANG_WARN_RANGE_LOOP_ANALYSIS = YES;
				CLANG_WARN_STRICT_PROTOTYPES = YES;
				CLANG_WARN_SUSPICIOUS_MOVE = YES;
				CLANG_WARN_UNGUARDED_AVAILABILITY = YES_AGGRESSIVE;
				CLANG_WARN_UNREACHABLE_CODE = YES;
				CLANG_WARN__DUPLICATE_METHOD_MATCH = YES;
				CODE_SIGN_IDENTITY = "iPhone Developer";
				COPY_PHASE_STRIP = NO;
				DEBUG_INFORMATION_FORMAT = dwarf;
				ENABLE_STRICT_OBJC_MSGSEND = YES;
				ENABLE_TESTABILITY = YES;
				GCC_C_LANGUAGE_STANDARD = gnu11;
				GCC_DYNAMIC_NO_PIC = NO;
				GCC_NO_COMMON_BLOCKS = YES;
				GCC_OPTIMIZATION_LEVEL = 0;
				GCC_PREPROCESSOR_DEFINITIONS = (
					"DEBUG=1",
					"$(inherited)",
				);
				GCC_WARN_64_TO_32_BIT_CONVERSION = YES;
				GCC_WARN_ABOUT_RETURN_TYPE = YES_ERROR;
				GCC_WARN_UNDECLARED_SELECTOR = YES;
				GCC_WARN_UNINITIALIZED_AUTOS = YES_AGGRESSIVE;
				GCC_WARN_UNUSED_FUNCTION = YES;
				GCC_WARN_UNUSED_VARIABLE = YES;
				IPHONEOS_DEPLOYMENT_TARGET = 12.2;
				MTL_ENABLE_DEBUG_INFO = INCLUDE_SOURCE;
				MTL_FAST_MATH = YES;
				ONLY_ACTIVE_ARCH = YES;
				SDKROOT = iphoneos;
				SWIFT_ACTIVE_COMPILATION_CONDITIONS = DEBUG;
				SWIFT_OPTIMIZATION_LEVEL = "-Onone";
			};
			name = Debug;
		};
		317A12712281FFBC001FF9E1 /* Release */ = {
			isa = XCBuildConfiguration;
			buildSettings = {
				ALWAYS_SEARCH_USER_PATHS = NO;
				CLANG_ANALYZER_NONNULL = YES;
				CLANG_ANALYZER_NUMBER_OBJECT_CONVERSION = YES_AGGRESSIVE;
				CLANG_CXX_LANGUAGE_STANDARD = "gnu++14";
				CLANG_CXX_LIBRARY = "libc++";
				CLANG_ENABLE_MODULES = YES;
				CLANG_ENABLE_OBJC_ARC = YES;
				CLANG_ENABLE_OBJC_WEAK = YES;
				CLANG_WARN_BLOCK_CAPTURE_AUTORELEASING = YES;
				CLANG_WARN_BOOL_CONVERSION = YES;
				CLANG_WARN_COMMA = YES;
				CLANG_WARN_CONSTANT_CONVERSION = YES;
				CLANG_WARN_DEPRECATED_OBJC_IMPLEMENTATIONS = YES;
				CLANG_WARN_DIRECT_OBJC_ISA_USAGE = YES_ERROR;
				CLANG_WARN_DOCUMENTATION_COMMENTS = YES;
				CLANG_WARN_EMPTY_BODY = YES;
				CLANG_WARN_ENUM_CONVERSION = YES;
				CLANG_WARN_INFINITE_RECURSION = YES;
				CLANG_WARN_INT_CONVERSION = YES;
				CLANG_WARN_NON_LITERAL_NULL_CONVERSION = YES;
				CLANG_WARN_OBJC_IMPLICIT_RETAIN_SELF = YES;
				CLANG_WARN_OBJC_LITERAL_CONVERSION = YES;
				CLANG_WARN_OBJC_ROOT_CLASS = YES_ERROR;
				CLANG_WARN_RANGE_LOOP_ANALYSIS = YES;
				CLANG_WARN_STRICT_PROTOTYPES = YES;
				CLANG_WARN_SUSPICIOUS_MOVE = YES;
				CLANG_WARN_UNGUARDED_AVAILABILITY = YES_AGGRESSIVE;
				CLANG_WARN_UNREACHABLE_CODE = YES;
				CLANG_WARN__DUPLICATE_METHOD_MATCH = YES;
				CODE_SIGN_IDENTITY = "iPhone Developer";
				COPY_PHASE_STRIP = NO;
				DEBUG_INFORMATION_FORMAT = "dwarf-with-dsym";
				ENABLE_NS_ASSERTIONS = NO;
				ENABLE_STRICT_OBJC_MSGSEND = YES;
				GCC_C_LANGUAGE_STANDARD = gnu11;
				GCC_NO_COMMON_BLOCKS = YES;
				GCC_WARN_64_TO_32_BIT_CONVERSION = YES;
				GCC_WARN_ABOUT_RETURN_TYPE = YES_ERROR;
				GCC_WARN_UNDECLARED_SELECTOR = YES;
				GCC_WARN_UNINITIALIZED_AUTOS = YES_AGGRESSIVE;
				GCC_WARN_UNUSED_FUNCTION = YES;
				GCC_WARN_UNUSED_VARIABLE = YES;
				IPHONEOS_DEPLOYMENT_TARGET = 12.2;
				MTL_ENABLE_DEBUG_INFO = NO;
				MTL_FAST_MATH = YES;
				SDKROOT = iphoneos;
				SWIFT_COMPILATION_MODE = wholemodule;
				SWIFT_OPTIMIZATION_LEVEL = "-O";
				VALIDATE_PRODUCT = YES;
			};
			name = Release;
		};
		317A12732281FFBC001FF9E1 /* Debug */ = {
			isa = XCBuildConfiguration;
			baseConfigurationReference = 4CB53C785EABEAD802A8E560 /* Pods-KatKat.debug.xcconfig */;
			buildSettings = {
				ASSETCATALOG_COMPILER_APPICON_NAME = AppIcon;
				CODE_SIGN_IDENTITY = "iPhone Developer";
				CODE_SIGN_STYLE = Automatic;
				DEVELOPMENT_TEAM = YC7X2MK5L5;
				INFOPLIST_FILE = KatKat/Info.plist;
				LD_RUNPATH_SEARCH_PATHS = (
					"$(inherited)",
					"@executable_path/Frameworks",
				);
				PRODUCT_BUNDLE_IDENTIFIER = com.example.KatKat;
				PRODUCT_NAME = "$(TARGET_NAME)";
				PROVISIONING_PROFILE_SPECIFIER = "";
				SWIFT_VERSION = 5.0;
				TARGETED_DEVICE_FAMILY = "1,2";
			};
			name = Debug;
		};
		317A12742281FFBC001FF9E1 /* Release */ = {
			isa = XCBuildConfiguration;
			baseConfigurationReference = 1AA48DCF8DE23976A53DA9E6 /* Pods-KatKat.release.xcconfig */;
			buildSettings = {
				ASSETCATALOG_COMPILER_APPICON_NAME = AppIcon;
				CODE_SIGN_IDENTITY = "iPhone Developer";
				CODE_SIGN_STYLE = Automatic;
				DEVELOPMENT_TEAM = YC7X2MK5L5;
				INFOPLIST_FILE = KatKat/Info.plist;
				LD_RUNPATH_SEARCH_PATHS = (
					"$(inherited)",
					"@executable_path/Frameworks",
				);
				PRODUCT_BUNDLE_IDENTIFIER = com.example.KatKat;
				PRODUCT_NAME = "$(TARGET_NAME)";
				PROVISIONING_PROFILE_SPECIFIER = "";
				SWIFT_VERSION = 5.0;
				TARGETED_DEVICE_FAMILY = "1,2";
			};
			name = Release;
		};
/* End XCBuildConfiguration section */

/* Begin XCConfigurationList section */
		317A125B2281FFBA001FF9E1 /* Build configuration list for PBXProject "KatKat" */ = {
			isa = XCConfigurationList;
			buildConfigurations = (
				317A12702281FFBC001FF9E1 /* Debug */,
				317A12712281FFBC001FF9E1 /* Release */,
			);
			defaultConfigurationIsVisible = 0;
			defaultConfigurationName = Release;
		};
		317A12722281FFBC001FF9E1 /* Build configuration list for PBXNativeTarget "KatKat" */ = {
			isa = XCConfigurationList;
			buildConfigurations = (
				317A12732281FFBC001FF9E1 /* Debug */,
				317A12742281FFBC001FF9E1 /* Release */,
			);
			defaultConfigurationIsVisible = 0;
			defaultConfigurationName = Release;
		};
/* End XCConfigurationList section */
	};
	rootObject = 317A12582281FFBA001FF9E1 /* Project object */;
}
