PODS:
  - Alamofire (5.0.0-beta.6)
  - Kingfisher (5.4.0)
  - lottie-ios (3.0.4)
  - SwiftyJSON (4.3.0)

DEPENDENCIES:
  - Alamofire (~> 5.0.0-beta.5)
  - Kingfisher (~> 5.0)
  - lottie-ios
  - SwiftyJSON (~> 4.0)

SPEC REPOS:
  https://github.com/cocoapods/specs.git:
    - Alamofire
    - Kingfisher
    - lottie-ios
    - SwiftyJSON

SPEC CHECKSUMS:
  Alamofire: cd08a4402bd12cacd0c66f23fb12fec8d6b965e4
  Kingfisher: 9c8f2cc6710334e06f32ba2b45e77707d5e2f0c9
  lottie-ios: 55a2de40418f8de2b155efaba4d4d1a025a5c570
  SwiftyJSON: 6faa0040f8b59dead0ee07436cbf76b73c08fd08

PODFILE CHECKSUM: 87b2e12a717e1a2bbbe6c826ae1307e14b4b2728

COCOAPODS: 1.6.1
